PODS:
  - Flutter (1.0.0)
  - integration_test (0.0.1):
    - Flutter
  - Zendesk (3.13.0):
    - ZendeskSDKConversationKit (~> 13.0.0)
    - ZendeskSDKCoreUtilities (~> 7.2.0)
  - zendesk_sdk (0.0.1):
    - Flutter
    - ZendeskAnswerBotSDK
    - ZendeskChatSDK
    - ZendeskCoreSDK
    - ZendeskSDKMessaging
    - ZendeskSupportSDK
  - ZendeskAnswerBotProvidersSDK (6.0.0):
    - ZendeskSupportProvidersSDK (~> 9.0.0)
  - ZendeskAnswerBotSDK (6.0.1):
    - ZendeskAnswerBotProvidersSDK (~> 6.0.0)
    - ZendeskMessagingSDK (~> 6.1.0)
  - ZendeskChatProvidersSDK (5.0.5)
  - ZendeskChatSDK (5.0.6):
    - ZendeskChatProvidersSDK (~> 5.0.5)
    - ZendeskMessagingSDK (~> 6.1.0)
  - ZendeskCommonUISDK (9.1.0)
  - ZendeskCoreSDK (5.0.5)
  - ZendeskMessagingAPISDK (6.0.2):
    - ZendeskSDKConfigurationsSDK (~> 4.0.1)
  - ZendeskMessagingSDK (6.1.0):
    - ZendeskCommonUISDK (~> 9.1.0)
    - ZendeskMessagingAPISDK (~> 6.0.2)
  - ZendeskSDKConfigurationsSDK (4.0.1)
  - ZendeskSDKConversationKit (13.0.0):
    - ZendeskSDKCoreUtilities (~> 7.2.0)
    - ZendeskSDKFayeClient (~> 1.15.0)
    - ZendeskSDKHTTPClient (~> 0.20.0)
    - ZendeskSDKStorage (~> 1.3.0)
  - ZendeskSDKCoreUtilities (7.2.0)
  - ZendeskSDKFayeClient (1.15.0):
    - ZendeskSDKLogger (~> 0.11.0)
    - ZendeskSDKSocketClient (~> 1.13.0)
  - ZendeskSDKGuideKit (2.6.0):
    - ZendeskSDKCoreUtilities (~> 7.2.0)
    - ZendeskSDKHTTPClient (~> 0.20.0)
    - ZendeskSDKLogger (~> 0.11.0)
    - ZendeskSDKStorage (~> 1.3.0)
  - ZendeskSDKHTTPClient (0.20.0):
    - ZendeskSDKLogger (~> 0.11.0)
  - ZendeskSDKLogger (0.11.0)
  - ZendeskSDKMessaging (2.35.0):
    - Zendesk (~> 3.13.0)
    - ZendeskSDKConversationKit (~> 13.0.0)
    - ZendeskSDKCoreUtilities (~> 7.2.0)
    - ZendeskSDKGuideKit (~> 2.6.0)
    - ZendeskSDKUIComponents (~> 14.0.0)
  - ZendeskSDKSocketClient (1.13.0):
    - ZendeskSDKLogger (~> 0.11.0)
  - ZendeskSDKStorage (1.3.0):
    - ZendeskSDKLogger (~> 0.11.0)
  - ZendeskSDKUIComponents (14.0.0):
    - ZendeskSDKCoreUtilities (~> 7.2.0)
  - ZendeskSupportProvidersSDK (9.0.0):
    - ZendeskCoreSDK (~> 5.0.5)
  - ZendeskSupportSDK (9.1.0):
    - ZendeskMessagingSDK (~> 6.1.0)
    - ZendeskSupportProvidersSDK (~> 9.0.0)

DEPENDENCIES:
  - Flutter (from `Flutter`)
  - integration_test (from `.symlinks/plugins/integration_test/ios`)
  - zendesk_sdk (from `.symlinks/plugins/zendesk_sdk/ios`)

SPEC REPOS:
  trunk:
    - Zendesk
    - ZendeskAnswerBotProvidersSDK
    - ZendeskAnswerBotSDK
    - ZendeskChatProvidersSDK
    - ZendeskChatSDK
    - ZendeskCommonUISDK
    - ZendeskCoreSDK
    - ZendeskMessagingAPISDK
    - ZendeskMessagingSDK
    - ZendeskSDKConfigurationsSDK
    - ZendeskSDKConversationKit
    - ZendeskSDKCoreUtilities
    - ZendeskSDKFayeClient
    - ZendeskSDKGuideKit
    - ZendeskSDKHTTPClient
    - ZendeskSDKLogger
    - ZendeskSDKMessaging
    - ZendeskSDKSocketClient
    - ZendeskSDKStorage
    - ZendeskSDKUIComponents
    - ZendeskSupportProvidersSDK
    - ZendeskSupportSDK

EXTERNAL SOURCES:
  Flutter:
    :path: Flutter
  integration_test:
    :path: ".symlinks/plugins/integration_test/ios"
  zendesk_sdk:
    :path: ".symlinks/plugins/zendesk_sdk/ios"

SPEC CHECKSUMS:
  Flutter: cabc95a1d2626b1b06e7179b784ebcf0c0cde467
  integration_test: 252f60fa39af5e17c3aa9899d35d908a0721b573
  Zendesk: 7ebe808c76e5be3cbb94a319edf2718852742520
  zendesk_sdk: 56f9c2600b050710cfda41a7e2a75c5db0c73c0a
  ZendeskAnswerBotProvidersSDK: 2f3d0e38acdbd4507862b4e4a7b28d3764072854
  ZendeskAnswerBotSDK: 6dcc01105f5a7eb1d183b5b8f1c449d49f25db39
  ZendeskChatProvidersSDK: 5cfc4a3dee03317ba54920e3258edda52ff9a329
  ZendeskChatSDK: ed0424221923aa0b82397fec8b4306fab6645942
  ZendeskCommonUISDK: 1ad4f0051a999a5e56f09f789f916afe15e00419
  ZendeskCoreSDK: c542b3f82abc3ee52e1291c6fb3436515e098806
  ZendeskMessagingAPISDK: 5b3a9d16f2f4d8b3c07b4ca0451a7cf9bfd8107d
  ZendeskMessagingSDK: 62eb7832104fbabcb4c2421a75823460f1ff1536
  ZendeskSDKConfigurationsSDK: d0b28eeb9c3d88191cfd2c7f246b2522c8c357f4
  ZendeskSDKConversationKit: 728fcc9bbb803a9701378b7a69915cb72bbb6e4a
  ZendeskSDKCoreUtilities: be8ad25c945ae13ee8df4a34b361021d30f8589b
  ZendeskSDKFayeClient: 4da1b2ac710148b319014a921bddc3252d0b9d68
  ZendeskSDKGuideKit: d74ee09ffb69dc437c6e88e481f27bdd6d8d7f15
  ZendeskSDKHTTPClient: 1cfbcd7705614532ac6de747d00d038dc4f06625
  ZendeskSDKLogger: aff150c8ce1558dc2ba464dc42d420d14c9b1369
  ZendeskSDKMessaging: 1327752f123d70ab7e45791578472fc574bbb6c8
  ZendeskSDKSocketClient: 71d0a7909961ecfa5686f0dd89343ad2dd3590d4
  ZendeskSDKStorage: 8567fcb49ddbae493f431a8d0edaae51872c9ec1
  ZendeskSDKUIComponents: 197203a5971d5f910e5054114723e6589525bfb0
  ZendeskSupportProvidersSDK: 281acf2bb731d2a67f913cfe653ed0da9f5b2f42
  ZendeskSupportSDK: 7fd3e7b70b3941e6da069d06deba2c9316d36088

PODFILE CHECKSUM: 871e8be0272d6fec0294dd97e8d857c95ef4fdc1

COCOAPODS: 1.16.2
