PODS:
  - Flutter (1.0.0)
  - integration_test (0.0.1):
    - Flutter
  - zendesk_sdk (0.0.1):
    - Flutter
    - ZendeskAnswerBotSDK
    - ZendeskChatSDK
    - ZendeskCoreSDK
    - ZendeskSupportSDK
  - ZendeskAnswerBotProvidersSDK (6.0.0):
    - ZendeskSupportProvidersSDK (~> 9.0.0)
  - ZendeskAnswerBotSDK (6.0.1):
    - ZendeskAnswerBotProvidersSDK (~> 6.0.0)
    - ZendeskMessagingSDK (~> 6.1.0)
  - ZendeskChatProvidersSDK (5.0.5)
  - ZendeskChatSDK (5.0.6):
    - ZendeskChatProvidersSDK (~> 5.0.5)
    - ZendeskMessagingSDK (~> 6.1.0)
  - ZendeskCommonUISDK (9.1.0)
  - ZendeskCoreSDK (5.0.5)
  - ZendeskMessagingAPISDK (6.0.2):
    - ZendeskSDKConfigurationsSDK (~> 4.0.1)
  - ZendeskMessagingSDK (6.1.0):
    - ZendeskCommonUISDK (~> 9.1.0)
    - ZendeskMessagingAPISDK (~> 6.0.2)
  - ZendeskSDKConfigurationsSDK (4.0.1)
  - ZendeskSupportProvidersSDK (9.0.0):
    - ZendeskCoreSDK (~> 5.0.5)
  - ZendeskSupportSDK (9.1.0):
    - ZendeskMessagingSDK (~> 6.1.0)
    - ZendeskSupportProvidersSDK (~> 9.0.0)

DEPENDENCIES:
  - Flutter (from `Flutter`)
  - integration_test (from `.symlinks/plugins/integration_test/ios`)
  - zendesk_sdk (from `.symlinks/plugins/zendesk_sdk/ios`)

SPEC REPOS:
  trunk:
    - ZendeskAnswerBotProvidersSDK
    - ZendeskAnswerBotSDK
    - ZendeskChatProvidersSDK
    - ZendeskChatSDK
    - ZendeskCommonUISDK
    - ZendeskCoreSDK
    - ZendeskMessagingAPISDK
    - ZendeskMessagingSDK
    - ZendeskSDKConfigurationsSDK
    - ZendeskSupportProvidersSDK
    - ZendeskSupportSDK

EXTERNAL SOURCES:
  Flutter:
    :path: Flutter
  integration_test:
    :path: ".symlinks/plugins/integration_test/ios"
  zendesk_sdk:
    :path: ".symlinks/plugins/zendesk_sdk/ios"

SPEC CHECKSUMS:
  Flutter: cabc95a1d2626b1b06e7179b784ebcf0c0cde467
  integration_test: 252f60fa39af5e17c3aa9899d35d908a0721b573
  zendesk_sdk: 4b474b190dcbb5ac778433aa685f51e41ee7ccc9
  ZendeskAnswerBotProvidersSDK: 2f3d0e38acdbd4507862b4e4a7b28d3764072854
  ZendeskAnswerBotSDK: 6dcc01105f5a7eb1d183b5b8f1c449d49f25db39
  ZendeskChatProvidersSDK: 5cfc4a3dee03317ba54920e3258edda52ff9a329
  ZendeskChatSDK: ed0424221923aa0b82397fec8b4306fab6645942
  ZendeskCommonUISDK: 1ad4f0051a999a5e56f09f789f916afe15e00419
  ZendeskCoreSDK: c542b3f82abc3ee52e1291c6fb3436515e098806
  ZendeskMessagingAPISDK: 5b3a9d16f2f4d8b3c07b4ca0451a7cf9bfd8107d
  ZendeskMessagingSDK: 62eb7832104fbabcb4c2421a75823460f1ff1536
  ZendeskSDKConfigurationsSDK: d0b28eeb9c3d88191cfd2c7f246b2522c8c357f4
  ZendeskSupportProvidersSDK: 281acf2bb731d2a67f913cfe653ed0da9f5b2f42
  ZendeskSupportSDK: 7fd3e7b70b3941e6da069d06deba2c9316d36088

PODFILE CHECKSUM: cca41dc53f8929a3fd18bbe3d462f9496a5ba624

COCOAPODS: 1.16.2
